
Microsoft Visual Studio Solution File, Format Version 12.00
# Visual Studio 15
Project("{FAE04EC0-301F-11D3-BF4B-00C04F79EFBC}") = "Console_OO", "Console_OO.csproj", "{CDD6563F-4524-427E-8842-8DCE503FAA1F}"
EndProject
Global
	GlobalSection(SolutionConfigurationPlatforms) = preSolution
		Debug|anycpu = Debug|anycpu
		Release|anycpu = Release|anycpu
	EndGlobalSection
	GlobalSection(ProjectConfigurationPlatforms) = postSolution
		{CDD6563F-4524-427E-8842-8DCE503FAA1F}.Debug|anycpu.ActiveCfg = Debug|anycpu
		{CDD6563F-4524-427E-8842-8DCE503FAA1F}.Debug|anycpu.Build.0 = Debug|anycpu
		{CDD6563F-4524-427E-8842-8DCE503FAA1F}.Release|anycpu.ActiveCfg = Release|anycpu
		{CDD6563F-4524-427E-8842-8DCE503FAA1F}.Release|anycpu.Build.0 = Release|anycpu
	EndGlobalSection
EndGlobal
